{
  "name": "fnjs_study",
  "version": "1.0.0",
  "lockfileVersion": 1,
  "requires": true,
  "dependencies": {
    "partial-js": {
      "version": "1.1.5",
      "resolved": "https://registry.npmjs.org/partial-js/-/partial-js-1.1.5.tgz",
      "integrity": "sha1-xSVk62uAEQsGwZWFHNR3pL4f1i4="
    }
  }
}
